
Microsoft Visual Studio Solution File, Format Version 12.00
# Visual Studio Version 17
VisualStudioVersion = 17.10.35013.160
MinimumVisualStudioVersion = 10.0.40219.1
Project("{888888A0-9F3D-457C-B088-3A5042F75D52}") = "Revolve", "Revolve\Revolve.pyproj", "{CFBE0F43-578D-4E0A-900B-F855523B4926}"
EndProject
Global
	GlobalSection(SolutionConfigurationPlatforms) = preSolution
		Debug|Any CPU = Debug|Any CPU
		Release|Any CPU = Release|Any CPU
	EndGlobalSection
	GlobalSection(ProjectConfigurationPlatforms) = postSolution
		{CFBE0F43-578D-4E0A-900B-F855523B4926}.Debug|Any CPU.ActiveCfg = Debug|Any CPU
		{CFBE0F43-578D-4E0A-900B-F855523B4926}.Release|Any CPU.ActiveCfg = Release|Any CPU
	EndGlobalSection
	GlobalSection(SolutionProperties) = preSolution
		HideSolutionNode = FALSE
	EndGlobalSection
	GlobalSection(ExtensibilityGlobals) = postSolution
		SolutionGuid = {E64A6907-CF04-4F00-859C-A5654C9DF1C9}
	EndGlobalSection
EndGlobal
